
Microsoft Visual Studio Solution File, Format Version 12.00
# Visual Studio Version 16
VisualStudioVersion = 16.0.31005.135
MinimumVisualStudioVersion = 10.0.40219.1
Project("{9A19103F-16F7-4668-BE54-9A1E7A4F7556}") = "trifenix.connect.db.cosmos", "trifenix.connect.db.cosmos.csproj", "{B417F51D-AF27-45BB-B7DA-C40C3A1DD2BC}"
EndProject
Global
	GlobalSection(SolutionConfigurationPlatforms) = preSolution
		Debug|Any CPU = Debug|Any CPU
		Release|Any CPU = Release|Any CPU
	EndGlobalSection
	GlobalSection(ProjectConfigurationPlatforms) = postSolution
		{B417F51D-AF27-45BB-B7DA-C40C3A1DD2BC}.Debug|Any CPU.ActiveCfg = Debug|Any CPU
		{B417F51D-AF27-45BB-B7DA-C40C3A1DD2BC}.Debug|Any CPU.Build.0 = Debug|Any CPU
		{B417F51D-AF27-45BB-B7DA-C40C3A1DD2BC}.Release|Any CPU.ActiveCfg = Release|Any CPU
		{B417F51D-AF27-45BB-B7DA-C40C3A1DD2BC}.Release|Any CPU.Build.0 = Release|Any CPU
	EndGlobalSection
	GlobalSection(SolutionProperties) = preSolution
		HideSolutionNode = FALSE
	EndGlobalSection
	GlobalSection(ExtensibilityGlobals) = postSolution
		SolutionGuid = {2CFD4724-AA8B-4324-8435-065BC1D2E421}
	EndGlobalSection
EndGlobal
